
Microsoft Visual Studio Solution File, Format Version 12.00
# Visual Studio Version 17
VisualStudioVersion = 17.4.33103.184
MinimumVisualStudioVersion = 10.0.40219.1
Project("{FAE04EC0-301F-11D3-BF4B-00C04F79EFBC}") = "Practice1", "Practice1.csproj", "{FBBC75BA-0FE2-4789-AA02-763CC30B8B13}"
EndProject
Global
	GlobalSection(SolutionConfigurationPlatforms) = preSolution
		Debug|Any CPU = Debug|Any CPU
		Release|Any CPU = Release|Any CPU
	EndGlobalSection
	GlobalSection(ProjectConfigurationPlatforms) = postSolution
		{FBBC75BA-0FE2-4789-AA02-763CC30B8B13}.Debug|Any CPU.ActiveCfg = Debug|Any CPU
		{FBBC75BA-0FE2-4789-AA02-763CC30B8B13}.Debug|Any CPU.Build.0 = Debug|Any CPU
		{FBBC75BA-0FE2-4789-AA02-763CC30B8B13}.Release|Any CPU.ActiveCfg = Release|Any CPU
		{FBBC75BA-0FE2-4789-AA02-763CC30B8B13}.Release|Any CPU.Build.0 = Release|Any CPU
	EndGlobalSection
	GlobalSection(SolutionProperties) = preSolution
		HideSolutionNode = FALSE
	EndGlobalSection
	GlobalSection(ExtensibilityGlobals) = postSolution
		SolutionGuid = {92E77302-6788-4931-80A0-37239FBC8FE2}
	EndGlobalSection
EndGlobal
